{
  "name": "x-accel-redirect-with-nginx",
  "version": "1.0.0",
  "lockfileVersion": 1,
  "dependencies": {
    "accepts": {
      "version": "1.3.5",
      "resolved": "http://registry.npmjs.vipc.me/accepts/-/accepts-1.3.5.tgz",
      "integrity": "sha1-63d99gEXI6OxTopywIBcjoZ0a9I="
    },
    "any-promise": {
      "version": "1.3.0",
      "resolved": "http://registry.npmjs.vipc.me/any-promise/-/any-promise-1.3.0.tgz",
      "integrity": "sha1-q8av7tzqUugJzcA3au0845Y10X8="
    },
    "cache-content-type": {
      "version": "1.0.1",
      "resolved": "http://registry.npmjs.vipc.me/cache-content-type/-/cache-content-type-1.0.1.tgz",
      "integrity": "sha1-A1zeKwjuISn0qDFeqPAKANuhRTw="
    },
    "co": {
      "version": "4.6.0",
      "resolved": "http://registry.npmjs.vipc.me/co/-/co-4.6.0.tgz",
      "integrity": "sha1-bqa989hTrlTMuOR7+gvz+QMfsYQ="
    },
    "content-disposition": {
      "version": "0.5.3",
      "resolved": "http://registry.npmjs.vipc.me/content-disposition/-/content-disposition-0.5.3.tgz",
      "integrity": "sha1-4TDK9+cnkIfFYWwgB9BIVpiYT70="
    },
    "content-type": {
      "version": "1.0.4",
      "resolved": "http://registry.npmjs.vipc.me/content-type/-/content-type-1.0.4.tgz",
      "integrity": "sha1-4TjMdeBAxyexlm/l5fjJruJW/js="
    },
    "cookies": {
      "version": "0.7.3",
      "resolved": "http://registry.npmjs.vipc.me/cookies/-/cookies-0.7.3.tgz",
      "integrity": "sha1-eRLOIfvy6MLacM8cPzUa7PWdrfo="
    },
    "debug": {
      "version": "3.1.0",
      "resolved": "http://registry.npmjs.vipc.me/debug/-/debug-3.1.0.tgz",
      "integrity": "sha1-W7WgZyYotkFJVmuhaBnmFRjGcmE="
    },
    "deep-equal": {
      "version": "1.0.1",
      "resolved": "http://registry.npmjs.vipc.me/deep-equal/-/deep-equal-1.0.1.tgz",
      "integrity": "sha1-9dJgKStmDghO/0zbyfCK0yR0SLU="
    },
    "delegates": {
      "version": "1.0.0",
      "resolved": "http://registry.npmjs.vipc.me/delegates/-/delegates-1.0.0.tgz",
      "integrity": "sha1-hMbhWbgZBP3KWaDvRM2HDTElD5o="
    },
    "depd": {
      "version": "1.1.2",
      "resolved": "http://registry.npmjs.vipc.me/depd/-/depd-1.1.2.tgz",
      "integrity": "sha1-m81S4UwJd2PnSbJ0xDRu0uVgtak="
    },
    "destroy": {
      "version": "1.0.4",
      "resolved": "http://registry.npmjs.vipc.me/destroy/-/destroy-1.0.4.tgz",
      "integrity": "sha1-l4hXRCxEdJ5CBmE+N5RiBYJqvYA="
    },
    "ee-first": {
      "version": "1.1.1",
      "resolved": "http://registry.npmjs.vipc.me/ee-first/-/ee-first-1.1.1.tgz",
      "integrity": "sha1-WQxhFWsK4vTwJVcyoViyZrxWsh0="
    },
    "error-inject": {
      "version": "1.0.0",
      "resolved": "http://registry.npmjs.vipc.me/error-inject/-/error-inject-1.0.0.tgz",
      "integrity": "sha1-4rPZG1Su1nLzCdlQ0VSFD6EdTzc="
    },
    "escape-html": {
      "version": "1.0.3",
      "resolved": "http://registry.npmjs.vipc.me/escape-html/-/escape-html-1.0.3.tgz",
      "integrity": "sha1-Aljq5NPQwJdN4cFpGI7wBR0dGYg="
    },
    "fresh": {
      "version": "0.5.2",
      "resolved": "http://registry.npmjs.vipc.me/fresh/-/fresh-0.5.2.tgz",
      "integrity": "sha1-PYyt2Q2XZWn6g1qx+OSyOhBWBac="
    },
    "http-assert": {
      "version": "1.4.0",
      "resolved": "http://registry.npmjs.vipc.me/http-assert/-/http-assert-1.4.0.tgz",
      "integrity": "sha1-DlULT8pq3xIbvu2DJIwX5i9ZOpo="
    },
    "http-errors": {
      "version": "1.7.2",
      "resolved": "http://registry.npmjs.vipc.me/http-errors/-/http-errors-1.7.2.tgz",
      "integrity": "sha1-T1ApzxMjnzEDblsuVSkrz7zIXI8="
    },
    "inherits": {
      "version": "2.0.3",
      "resolved": "http://registry.npmjs.vipc.me/inherits/-/inherits-2.0.3.tgz",
      "integrity": "sha1-Yzwsg+PaQqUC9SRmAiSA9CCCYd4="
    },
    "is-generator-function": {
      "version": "1.0.7",
      "resolved": "http://registry.npmjs.vipc.me/is-generator-function/-/is-generator-function-1.0.7.tgz",
      "integrity": "sha1-0hMuUpuwAAp/gHlNS99c1eWBNSI="
    },
    "isarray": {
      "version": "0.0.1",
      "resolved": "http://registry.npmjs.vipc.me/isarray/-/isarray-0.0.1.tgz",
      "integrity": "sha1-ihis/Kmo9Bd+Cav8YDiTmwXR7t8="
    },
    "keygrip": {
      "version": "1.0.3",
      "resolved": "http://registry.npmjs.vipc.me/keygrip/-/keygrip-1.0.3.tgz",
      "integrity": "sha1-OZ1wnwrtK6sKBZ4M3TpQI6BT4dw="
    },
    "koa": {
      "version": "2.7.0",
      "resolved": "http://registry.npmjs.vipc.me/koa/-/koa-2.7.0.tgz",
      "integrity": "sha1-fgCENQaUK52CxswzdJ9lfG5eet8="
    },
    "koa-compose": {
      "version": "4.1.0",
      "resolved": "http://registry.npmjs.vipc.me/koa-compose/-/koa-compose-4.1.0.tgz",
      "integrity": "sha1-UHMGuTcZAdtBEhyBLpI9DWfT6Hc="
    },
    "koa-convert": {
      "version": "1.2.0",
      "resolved": "http://registry.npmjs.vipc.me/koa-convert/-/koa-convert-1.2.0.tgz",
      "integrity": "sha1-2kCHXfSd4FOQmNFwC1CCDOvNIdA=",
      "dependencies": {
        "koa-compose": {
          "version": "3.2.1",
          "resolved": "http://registry.npmjs.vipc.me/koa-compose/-/koa-compose-3.2.1.tgz",
          "integrity": "sha1-qFzLQLfZhtjlo0Wzoazo6rz1Tec="
        }
      }
    },
    "koa-is-json": {
      "version": "1.0.0",
      "resolved": "http://registry.npmjs.vipc.me/koa-is-json/-/koa-is-json-1.0.0.tgz",
      "integrity": "sha1-JzwH7c3Ljfaiwat9We52SRRR7BQ="
    },
    "koa-router": {
      "version": "7.4.0",
      "resolved": "http://registry.npmjs.vipc.me/koa-router/-/koa-router-7.4.0.tgz",
      "integrity": "sha1-ruH3rcAtXLMdfWdGXJ6syCXoxeA=",
      "dependencies": {
        "koa-compose": {
          "version": "3.2.1",
          "resolved": "http://registry.npmjs.vipc.me/koa-compose/-/koa-compose-3.2.1.tgz",
          "integrity": "sha1-qFzLQLfZhtjlo0Wzoazo6rz1Tec="
        }
      }
    },
    "media-typer": {
      "version": "0.3.0",
      "resolved": "http://registry.npmjs.vipc.me/media-typer/-/media-typer-0.3.0.tgz",
      "integrity": "sha1-hxDXrwqmJvj/+hzgAWhUUmMlV0g="
    },
    "methods": {
      "version": "1.1.2",
      "resolved": "http://registry.npmjs.vipc.me/methods/-/methods-1.1.2.tgz",
      "integrity": "sha1-VSmk1nZUE07cxSZmVoNbD4Ua/O4="
    },
    "mime-db": {
      "version": "1.38.0",
      "resolved": "http://registry.npmjs.vipc.me/mime-db/-/mime-db-1.38.0.tgz",
      "integrity": "sha1-GiqrFtqesWe0nG5N8tnGjWPY4q0="
    },
    "mime-types": {
      "version": "2.1.22",
      "resolved": "http://registry.npmjs.vipc.me/mime-types/-/mime-types-2.1.22.tgz",
      "integrity": "sha1-/ms1WhkJJqt2mMmgVWoRGZshmb0="
    },
    "ms": {
      "version": "2.0.0",
      "resolved": "http://registry.npmjs.vipc.me/ms/-/ms-2.0.0.tgz",
      "integrity": "sha1-VgiurfwAvmwpAd9fmGF4jeDVl8g="
    },
    "negotiator": {
      "version": "0.6.1",
      "resolved": "http://registry.npmjs.vipc.me/negotiator/-/negotiator-0.6.1.tgz",
      "integrity": "sha1-KzJxhOiZIQEXeyhWP7XnECrNDKk="
    },
    "on-finished": {
      "version": "2.3.0",
      "resolved": "http://registry.npmjs.vipc.me/on-finished/-/on-finished-2.3.0.tgz",
      "integrity": "sha1-IPEzZIGwg811M3mSoWlxqi2QaUc="
    },
    "only": {
      "version": "0.0.2",
      "resolved": "http://registry.npmjs.vipc.me/only/-/only-0.0.2.tgz",
      "integrity": "sha1-Kv3oTQPlC5qO3EROMGEKcCle37Q="
    },
    "parseurl": {
      "version": "1.3.2",
      "resolved": "http://registry.npmjs.vipc.me/parseurl/-/parseurl-1.3.2.tgz",
      "integrity": "sha1-/CidTtiZMRlGDBViUyYs3I3mW/M="
    },
    "path-to-regexp": {
      "version": "1.7.0",
      "resolved": "http://registry.npmjs.vipc.me/path-to-regexp/-/path-to-regexp-1.7.0.tgz",
      "integrity": "sha1-Wf3g9DW62suhA6hOnTvGTpa5k30="
    },
    "safe-buffer": {
      "version": "5.1.2",
      "resolved": "http://registry.npmjs.vipc.me/safe-buffer/-/safe-buffer-5.1.2.tgz",
      "integrity": "sha1-mR7GnSluAxN0fVm9/St0XDX4go0="
    },
    "setprototypeof": {
      "version": "1.1.1",
      "resolved": "http://registry.npmjs.vipc.me/setprototypeof/-/setprototypeof-1.1.1.tgz",
      "integrity": "sha1-fpWsskqpL1iF4KvvW6ExMw1K5oM="
    },
    "statuses": {
      "version": "1.5.0",
      "resolved": "http://registry.npmjs.vipc.me/statuses/-/statuses-1.5.0.tgz",
      "integrity": "sha1-Fhx9rBd2Wf2YEfQ3cfqZOBR4Yow="
    },
    "toidentifier": {
      "version": "1.0.0",
      "resolved": "http://registry.npmjs.vipc.me/toidentifier/-/toidentifier-1.0.0.tgz",
      "integrity": "sha1-fhvjRw8ed5SLxD2Uo8j013UrpVM="
    },
    "type-is": {
      "version": "1.6.16",
      "resolved": "http://registry.npmjs.vipc.me/type-is/-/type-is-1.6.16.tgz",
      "integrity": "sha1-+JzjQVQcZysl7nrjxz3uOyvlAZQ="
    },
    "urijs": {
      "version": "1.19.1",
      "resolved": "http://registry.npmjs.vipc.me/urijs/-/urijs-1.19.1.tgz",
      "integrity": "sha1-Ww/1MMDL3oOG9jQiNbpcpumV0lo="
    },
    "vary": {
      "version": "1.1.2",
      "resolved": "http://registry.npmjs.vipc.me/vary/-/vary-1.1.2.tgz",
      "integrity": "sha1-IpnwLG3tMNSllhsLn3RSShj2NPw="
    },
    "ylru": {
      "version": "1.2.1",
      "resolved": "http://registry.npmjs.vipc.me/ylru/-/ylru-1.2.1.tgz",
      "integrity": "sha1-9Xa2M0FUeYnB3nuiiHYJI7J/6E8="
    }
  }
}
